
Microsoft Visual Studio Solution File, Format Version 12.00
# Visual Studio Version 17
VisualStudioVersion = 17.0.32014.148
MinimumVisualStudioVersion = 10.0.40219.1
Project("{FAE04EC0-301F-11D3-BF4B-00C04F79EFBC}") = "asc-simulator", "asc-simulator\asc-simulator.csproj", "{C0E28FC3-3CBF-4E21-8681-17C7733EFA38}"
EndProject
Project("{FAE04EC0-301F-11D3-BF4B-00C04F79EFBC}") = "MachineDisplay", "MachineDisplay\MachineDisplay.csproj", "{003C0235-50FF-4CE8-B131-C63AB5E417D7}"
EndProject
Project("{FAE04EC0-301F-11D3-BF4B-00C04F79EFBC}") = "Common", "SimulatorCommon\Common.csproj", "{3DD5237E-7F3B-44BB-B441-A0C99B3B5158}"
EndProject
Project("{8BC9CEB8-8B4A-11D0-8D11-00A0C91BC942}") = "asc-assembler", "asc-assembler\asc-assembler.vcxproj", "{1165EF40-4DFE-4B45-88B7-CE15B72AB3D0}"
EndProject
Project("{FAE04EC0-301F-11D3-BF4B-00C04F79EFBC}") = "asc-simulator-test", "asc-simulator-test\asc-simulator-test.csproj", "{CA3228FA-19A0-4BAB-9E8D-C143FCE1EDC5}"
EndProject
Global
	GlobalSection(SolutionConfigurationPlatforms) = preSolution
		Bundle|Any CPU = Bundle|Any CPU
		Bundle|Mixed Platforms = Bundle|Mixed Platforms
		Bundle|Win32 = Bundle|Win32
		Debug|Any CPU = Debug|Any CPU
		Debug|Mixed Platforms = Debug|Mixed Platforms
		Debug|Win32 = Debug|Win32
		Release|Any CPU = Release|Any CPU
		Release|Mixed Platforms = Release|Mixed Platforms
		Release|Win32 = Release|Win32
	EndGlobalSection
	GlobalSection(ProjectConfigurationPlatforms) = postSolution
		{C0E28FC3-3CBF-4E21-8681-17C7733EFA38}.Bundle|Any CPU.ActiveCfg = Bundle|Any CPU
		{C0E28FC3-3CBF-4E21-8681-17C7733EFA38}.Bundle|Any CPU.Build.0 = Bundle|Any CPU
		{C0E28FC3-3CBF-4E21-8681-17C7733EFA38}.Bundle|Mixed Platforms.ActiveCfg = Bundle|Any CPU
		{C0E28FC3-3CBF-4E21-8681-17C7733EFA38}.Bundle|Mixed Platforms.Build.0 = Bundle|Any CPU
		{C0E28FC3-3CBF-4E21-8681-17C7733EFA38}.Bundle|Win32.ActiveCfg = Bundle|Any CPU
		{C0E28FC3-3CBF-4E21-8681-17C7733EFA38}.Bundle|Win32.Build.0 = Bundle|Any CPU
		{C0E28FC3-3CBF-4E21-8681-17C7733EFA38}.Debug|Any CPU.ActiveCfg = Debug|Any CPU
		{C0E28FC3-3CBF-4E21-8681-17C7733EFA38}.Debug|Any CPU.Build.0 = Debug|Any CPU
		{C0E28FC3-3CBF-4E21-8681-17C7733EFA38}.Debug|Mixed Platforms.ActiveCfg = Debug|Any CPU
		{C0E28FC3-3CBF-4E21-8681-17C7733EFA38}.Debug|Mixed Platforms.Build.0 = Debug|Any CPU
		{C0E28FC3-3CBF-4E21-8681-17C7733EFA38}.Debug|Win32.ActiveCfg = Debug|Any CPU
		{C0E28FC3-3CBF-4E21-8681-17C7733EFA38}.Release|Any CPU.ActiveCfg = Release|Any CPU
		{C0E28FC3-3CBF-4E21-8681-17C7733EFA38}.Release|Any CPU.Build.0 = Release|Any CPU
		{C0E28FC3-3CBF-4E21-8681-17C7733EFA38}.Release|Mixed Platforms.ActiveCfg = Release|Any CPU
		{C0E28FC3-3CBF-4E21-8681-17C7733EFA38}.Release|Mixed Platforms.Build.0 = Release|Any CPU
		{C0E28FC3-3CBF-4E21-8681-17C7733EFA38}.Release|Win32.ActiveCfg = Release|Any CPU
		{003C0235-50FF-4CE8-B131-C63AB5E417D7}.Bundle|Any CPU.ActiveCfg = Bundle|Any CPU
		{003C0235-50FF-4CE8-B131-C63AB5E417D7}.Bundle|Any CPU.Build.0 = Bundle|Any CPU
		{003C0235-50FF-4CE8-B131-C63AB5E417D7}.Bundle|Mixed Platforms.ActiveCfg = Bundle|Any CPU
		{003C0235-50FF-4CE8-B131-C63AB5E417D7}.Bundle|Mixed Platforms.Build.0 = Bundle|Any CPU
		{003C0235-50FF-4CE8-B131-C63AB5E417D7}.Bundle|Win32.ActiveCfg = Bundle|Any CPU
		{003C0235-50FF-4CE8-B131-C63AB5E417D7}.Bundle|Win32.Build.0 = Bundle|Any CPU
		{003C0235-50FF-4CE8-B131-C63AB5E417D7}.Debug|Any CPU.ActiveCfg = Debug|Any CPU
		{003C0235-50FF-4CE8-B131-C63AB5E417D7}.Debug|Any CPU.Build.0 = Debug|Any CPU
		{003C0235-50FF-4CE8-B131-C63AB5E417D7}.Debug|Mixed Platforms.ActiveCfg = Debug|Any CPU
		{003C0235-50FF-4CE8-B131-C63AB5E417D7}.Debug|Mixed Platforms.Build.0 = Debug|Any CPU
		{003C0235-50FF-4CE8-B131-C63AB5E417D7}.Debug|Win32.ActiveCfg = Debug|Any CPU
		{003C0235-50FF-4CE8-B131-C63AB5E417D7}.Release|Any CPU.ActiveCfg = Release|Any CPU
		{003C0235-50FF-4CE8-B131-C63AB5E417D7}.Release|Any CPU.Build.0 = Release|Any CPU
		{003C0235-50FF-4CE8-B131-C63AB5E417D7}.Release|Mixed Platforms.ActiveCfg = Release|Any CPU
		{003C0235-50FF-4CE8-B131-C63AB5E417D7}.Release|Mixed Platforms.Build.0 = Release|Any CPU
		{003C0235-50FF-4CE8-B131-C63AB5E417D7}.Release|Win32.ActiveCfg = Release|Any CPU
		{3DD5237E-7F3B-44BB-B441-A0C99B3B5158}.Bundle|Any CPU.ActiveCfg = Bundle|Any CPU
		{3DD5237E-7F3B-44BB-B441-A0C99B3B5158}.Bundle|Any CPU.Build.0 = Bundle|Any CPU
		{3DD5237E-7F3B-44BB-B441-A0C99B3B5158}.Bundle|Mixed Platforms.ActiveCfg = Bundle|Any CPU
		{3DD5237E-7F3B-44BB-B441-A0C99B3B5158}.Bundle|Mixed Platforms.Build.0 = Bundle|Any CPU
		{3DD5237E-7F3B-44BB-B441-A0C99B3B5158}.Bundle|Win32.ActiveCfg = Bundle|Any CPU
		{3DD5237E-7F3B-44BB-B441-A0C99B3B5158}.Bundle|Win32.Build.0 = Bundle|Any CPU
		{3DD5237E-7F3B-44BB-B441-A0C99B3B5158}.Debug|Any CPU.ActiveCfg = Debug|Any CPU
		{3DD5237E-7F3B-44BB-B441-A0C99B3B5158}.Debug|Any CPU.Build.0 = Debug|Any CPU
		{3DD5237E-7F3B-44BB-B441-A0C99B3B5158}.Debug|Mixed Platforms.ActiveCfg = Debug|Any CPU
		{3DD5237E-7F3B-44BB-B441-A0C99B3B5158}.Debug|Mixed Platforms.Build.0 = Debug|Any CPU
		{3DD5237E-7F3B-44BB-B441-A0C99B3B5158}.Debug|Win32.ActiveCfg = Debug|Any CPU
		{3DD5237E-7F3B-44BB-B441-A0C99B3B5158}.Release|Any CPU.ActiveCfg = Release|Any CPU
		{3DD5237E-7F3B-44BB-B441-A0C99B3B5158}.Release|Any CPU.Build.0 = Release|Any CPU
		{3DD5237E-7F3B-44BB-B441-A0C99B3B5158}.Release|Mixed Platforms.ActiveCfg = Release|Any CPU
		{3DD5237E-7F3B-44BB-B441-A0C99B3B5158}.Release|Mixed Platforms.Build.0 = Release|Any CPU
		{3DD5237E-7F3B-44BB-B441-A0C99B3B5158}.Release|Win32.ActiveCfg = Release|Any CPU
		{1165EF40-4DFE-4B45-88B7-CE15B72AB3D0}.Bundle|Any CPU.ActiveCfg = Bundle|Win32
		{1165EF40-4DFE-4B45-88B7-CE15B72AB3D0}.Bundle|Any CPU.Build.0 = Bundle|Win32
		{1165EF40-4DFE-4B45-88B7-CE15B72AB3D0}.Bundle|Mixed Platforms.ActiveCfg = Bundle|Win32
		{1165EF40-4DFE-4B45-88B7-CE15B72AB3D0}.Bundle|Mixed Platforms.Build.0 = Bundle|Win32
		{1165EF40-4DFE-4B45-88B7-CE15B72AB3D0}.Bundle|Win32.ActiveCfg = Bundle|Win32
		{1165EF40-4DFE-4B45-88B7-CE15B72AB3D0}.Bundle|Win32.Build.0 = Bundle|Win32
		{1165EF40-4DFE-4B45-88B7-CE15B72AB3D0}.Debug|Any CPU.ActiveCfg = Debug|Win32
		{1165EF40-4DFE-4B45-88B7-CE15B72AB3D0}.Debug|Mixed Platforms.ActiveCfg = Debug|Win32
		{1165EF40-4DFE-4B45-88B7-CE15B72AB3D0}.Debug|Mixed Platforms.Build.0 = Debug|Win32
		{1165EF40-4DFE-4B45-88B7-CE15B72AB3D0}.Debug|Win32.ActiveCfg = Debug|Win32
		{1165EF40-4DFE-4B45-88B7-CE15B72AB3D0}.Debug|Win32.Build.0 = Debug|Win32
		{1165EF40-4DFE-4B45-88B7-CE15B72AB3D0}.Release|Any CPU.ActiveCfg = Release|Win32
		{1165EF40-4DFE-4B45-88B7-CE15B72AB3D0}.Release|Any CPU.Build.0 = Release|Win32
		{1165EF40-4DFE-4B45-88B7-CE15B72AB3D0}.Release|Mixed Platforms.ActiveCfg = Release|Win32
		{1165EF40-4DFE-4B45-88B7-CE15B72AB3D0}.Release|Mixed Platforms.Build.0 = Release|Win32
		{1165EF40-4DFE-4B45-88B7-CE15B72AB3D0}.Release|Win32.ActiveCfg = Release|Win32
		{1165EF40-4DFE-4B45-88B7-CE15B72AB3D0}.Release|Win32.Build.0 = Release|Win32
		{CA3228FA-19A0-4BAB-9E8D-C143FCE1EDC5}.Bundle|Any CPU.ActiveCfg = Bundle|Any CPU
		{CA3228FA-19A0-4BAB-9E8D-C143FCE1EDC5}.Bundle|Mixed Platforms.ActiveCfg = Bundle|Any CPU
		{CA3228FA-19A0-4BAB-9E8D-C143FCE1EDC5}.Bundle|Mixed Platforms.Build.0 = Bundle|Any CPU
		{CA3228FA-19A0-4BAB-9E8D-C143FCE1EDC5}.Bundle|Win32.ActiveCfg = Bundle|Any CPU
		{CA3228FA-19A0-4BAB-9E8D-C143FCE1EDC5}.Bundle|Win32.Build.0 = Bundle|Any CPU
		{CA3228FA-19A0-4BAB-9E8D-C143FCE1EDC5}.Debug|Any CPU.ActiveCfg = Debug|Any CPU
		{CA3228FA-19A0-4BAB-9E8D-C143FCE1EDC5}.Debug|Any CPU.Build.0 = Debug|Any CPU
		{CA3228FA-19A0-4BAB-9E8D-C143FCE1EDC5}.Debug|Mixed Platforms.ActiveCfg = Debug|Any CPU
		{CA3228FA-19A0-4BAB-9E8D-C143FCE1EDC5}.Debug|Mixed Platforms.Build.0 = Debug|Any CPU
		{CA3228FA-19A0-4BAB-9E8D-C143FCE1EDC5}.Debug|Win32.ActiveCfg = Debug|Any CPU
		{CA3228FA-19A0-4BAB-9E8D-C143FCE1EDC5}.Debug|Win32.Build.0 = Debug|Any CPU
		{CA3228FA-19A0-4BAB-9E8D-C143FCE1EDC5}.Release|Any CPU.ActiveCfg = Release|Any CPU
		{CA3228FA-19A0-4BAB-9E8D-C143FCE1EDC5}.Release|Mixed Platforms.ActiveCfg = Release|Any CPU
		{CA3228FA-19A0-4BAB-9E8D-C143FCE1EDC5}.Release|Win32.ActiveCfg = Release|Any CPU
		{CA3228FA-19A0-4BAB-9E8D-C143FCE1EDC5}.Release|Win32.Build.0 = Release|Any CPU
	EndGlobalSection
	GlobalSection(SolutionProperties) = preSolution
		HideSolutionNode = FALSE
	EndGlobalSection
	GlobalSection(ExtensibilityGlobals) = postSolution
		SolutionGuid = {847DDB49-339E-4975-810C-66F8E3B8C75D}
	EndGlobalSection
EndGlobal
